
Microsoft Visual Studio Solution File, Format Version 12.00
# Visual Studio 15
VisualStudioVersion = 15.0.27428.2015
MinimumVisualStudioVersion = 10.0.40219.1
Project("{FAE04EC0-301F-11D3-BF4B-00C04F79EFBC}") = "ACHFindInvalidConsoleApp", "ACHFindInvalidConsoleApp\ACHFindInvalidConsoleApp.csproj", "{23B372FE-A3CD-46DC-A791-9EB6215FEDE8}"
EndProject
Global
	GlobalSection(SolutionConfigurationPlatforms) = preSolution
		Debug|Any CPU = Debug|Any CPU
		Release|Any CPU = Release|Any CPU
	EndGlobalSection
	GlobalSection(ProjectConfigurationPlatforms) = postSolution
		{23B372FE-A3CD-46DC-A791-9EB6215FEDE8}.Debug|Any CPU.ActiveCfg = Debug|Any CPU
		{23B372FE-A3CD-46DC-A791-9EB6215FEDE8}.Debug|Any CPU.Build.0 = Debug|Any CPU
		{23B372FE-A3CD-46DC-A791-9EB6215FEDE8}.Release|Any CPU.ActiveCfg = Release|Any CPU
		{23B372FE-A3CD-46DC-A791-9EB6215FEDE8}.Release|Any CPU.Build.0 = Release|Any CPU
	EndGlobalSection
	GlobalSection(SolutionProperties) = preSolution
		HideSolutionNode = FALSE
	EndGlobalSection
	GlobalSection(ExtensibilityGlobals) = postSolution
		SolutionGuid = {AB93D653-8AA9-46D7-A4A4-4AF1E286EABB}
	EndGlobalSection
EndGlobal
